
Microsoft Visual Studio Solution File, Format Version 12.00
# Visual Studio 14
VisualStudioVersion = 14.0.25420.1
MinimumVisualStudioVersion = 10.0.40219.1
Project("{FAE04EC0-301F-11D3-BF4B-00C04F79EFBC}") = "ObserverPattern", "ObserverPattern\ObserverPattern.csproj", "{2950CC2B-D1FB-4C65-B395-264481E47A4B}"
EndProject
Project("{FAE04EC0-301F-11D3-BF4B-00C04F79EFBC}") = "Subject", "Subject\Subject.csproj", "{258F23A5-870D-432A-ACFB-39D31381F7E4}"
EndProject
Project("{FAE04EC0-301F-11D3-BF4B-00C04F79EFBC}") = "Observer", "Observer\Observer.csproj", "{01AA6C33-BA01-4EE8-8F55-B922C725B39B}"
EndProject
Global
	GlobalSection(SolutionConfigurationPlatforms) = preSolution
		Debug|Any CPU = Debug|Any CPU
		Release|Any CPU = Release|Any CPU
	EndGlobalSection
	GlobalSection(ProjectConfigurationPlatforms) = postSolution
		{2950CC2B-D1FB-4C65-B395-264481E47A4B}.Debug|Any CPU.ActiveCfg = Debug|Any CPU
		{2950CC2B-D1FB-4C65-B395-264481E47A4B}.Debug|Any CPU.Build.0 = Debug|Any CPU
		{2950CC2B-D1FB-4C65-B395-264481E47A4B}.Release|Any CPU.ActiveCfg = Release|Any CPU
		{2950CC2B-D1FB-4C65-B395-264481E47A4B}.Release|Any CPU.Build.0 = Release|Any CPU
		{258F23A5-870D-432A-ACFB-39D31381F7E4}.Debug|Any CPU.ActiveCfg = Debug|Any CPU
		{258F23A5-870D-432A-ACFB-39D31381F7E4}.Debug|Any CPU.Build.0 = Debug|Any CPU
		{258F23A5-870D-432A-ACFB-39D31381F7E4}.Release|Any CPU.ActiveCfg = Release|Any CPU
		{258F23A5-870D-432A-ACFB-39D31381F7E4}.Release|Any CPU.Build.0 = Release|Any CPU
		{01AA6C33-BA01-4EE8-8F55-B922C725B39B}.Debug|Any CPU.ActiveCfg = Debug|Any CPU
		{01AA6C33-BA01-4EE8-8F55-B922C725B39B}.Debug|Any CPU.Build.0 = Debug|Any CPU
		{01AA6C33-BA01-4EE8-8F55-B922C725B39B}.Release|Any CPU.ActiveCfg = Release|Any CPU
		{01AA6C33-BA01-4EE8-8F55-B922C725B39B}.Release|Any CPU.Build.0 = Release|Any CPU
	EndGlobalSection
	GlobalSection(SolutionProperties) = preSolution
		HideSolutionNode = FALSE
	EndGlobalSection
EndGlobal
